// !$*UTF8*$!
{
	archiveVersion = 1;
	classes = {
	};
	objectVersion = 56;
	objects = {

/* Begin PBXBuildFile section */
		FE4A4BA8294A541C00527952 /* PipelineApp.swift in Sources */ = {isa = PBXBuildFile; fileRef = FE4A4BA7294A541C00527952 /* PipelineApp.swift */; };
		FE4A4BAA294A541C00527952 /* ContentView.swift in Sources */ = {isa = PBXBuildFile; fileRef = FE4A4BA9294A541C00527952 /* ContentView.swift */; };
		FE4A4BAC294A541D00527952 /* Assets.xcassets in Resources */ = {isa = PBXBuildFile; fileRef = FE4A4BAB294A541D00527952 /* Assets.xcassets */; };
		FE4A4BB0294A541D00527952 /* Preview Assets.xcassets in Resources */ = {isa = PBXBuildFile; fileRef = FE4A4BAF294A541D00527952 /* Preview Assets.xcassets */; };
		FE4A4BBA294A541D00527952 /* PipelineTests.swift in Sources */ = {isa = PBXBuildFile; fileRef = FE4A4BB9294A541D00527952 /* PipelineTests.swift */; };
		FE4A4BC4294A541D00527952 /* PipelineUITests.swift in Sources */ = {isa = PBXBuildFile; fileRef = FE4A4BC3294A541D00527952 /* PipelineUITests.swift */; };
		FE4A4BC6294A541D00527952 /* PipelineUITestsLaunchTests.swift in Sources */ = {isa = PBXBuildFile; fileRef = FE4A4BC5294A541D00527952 /* PipelineUITestsLaunchTests.swift */; };
/* End PBXBuildFile section */

/* Begin PBXContainerItemProxy section */
		FE4A4BB6294A541D00527952 /* PBXContainerItemProxy */ = {
			isa = PBXContainerItemProxy;
			containerPortal = FE4A4B9C294A541C00527952 /* Project object */;
			proxyType = 1;
			remoteGlobalIDString = FE4A4BA3294A541C00527952;
			remoteInfo = Pipeline;
		};
		FE4A4BC0294A541D00527952 /* PBXContainerItemProxy */ = {
			isa = PBXContainerItemProxy;
			containerPortal = FE4A4B9C294A541C00527952 /* Project object */;
			proxyType = 1;
			remoteGlobalIDString = FE4A4BA3294A541C00527952;
			remoteInfo = Pipeline;
		};
/* End PBXContainerItemProxy section */

/* Begin PBXFileReference section */
		FE141814294A8DF000B6BF8B /* Info.plist */ = {isa = PBXFileReference; lastKnownFileType = text.plist; path = Info.plist; sourceTree = "<group>"; };
		FE4A4BA4294A541C00527952 /* Pipeline.app */ = {isa = PBXFileReference; explicitFileType = wrapper.application; includeInIndex = 0; path = Pipeline.app; sourceTree = BUILT_PRODUCTS_DIR; };
		FE4A4BA7294A541C00527952 /* PipelineApp.swift */ = {isa = PBXFileReference; lastKnownFileType = sourcecode.swift; path = PipelineApp.swift; sourceTree = "<group>"; };
		FE4A4BA9294A541C00527952 /* ContentView.swift */ = {isa = PBXFileReference; lastKnownFileType = sourcecode.swift; path = ContentView.swift; sourceTree = "<group>"; };
		FE4A4BAB294A541D00527952 /* Assets.xcassets */ = {isa = PBXFileReference; lastKnownFileType = folder.assetcatalog; path = Assets.xcassets; sourceTree = "<group>"; };
		FE4A4BAD294A541D00527952 /* Pipeline.entitlements */ = {isa = PBXFileReference; lastKnownFileType = text.plist.entitlements; path = Pipeline.entitlements; sourceTree = "<group>"; };
		FE4A4BAF294A541D00527952 /* Preview Assets.xcassets */ = {isa = PBXFileReference; lastKnownFileType = folder.assetcatalog; path = "Preview Assets.xcassets"; sourceTree = "<group>"; };
		FE4A4BB5294A541D00527952 /* PipelineTests.xctest */ = {isa = PBXFileReference; explicitFileType = wrapper.cfbundle; includeInIndex = 0; path = PipelineTests.xctest; sourceTree = BUILT_PRODUCTS_DIR; };
		FE4A4BB9294A541D00527952 /* PipelineTests.swift */ = {isa = PBXFileReference; lastKnownFileType = sourcecode.swift; path = PipelineTests.swift; sourceTree = "<group>"; };
		FE4A4BBF294A541D00527952 /* PipelineUITests.xctest */ = {isa = PBXFileReference; explicitFileType = wrapper.cfbundle; includeInIndex = 0; path = PipelineUITests.xctest; sourceTree = BUILT_PRODUCTS_DIR; };
		FE4A4BC3294A541D00527952 /* PipelineUITests.swift */ = {isa = PBXFileReference; lastKnownFileType = sourcecode.swift; path = PipelineUITests.swift; sourceTree = "<group>"; };
		FE4A4BC5294A541D00527952 /* PipelineUITestsLaunchTests.swift */ = {isa = PBXFileReference; lastKnownFileType = sourcecode.swift; path = PipelineUITestsLaunchTests.swift; sourceTree = "<group>"; };
/* End PBXFileReference section */

/* Begin PBXFrameworksBuildPhase section */
		FE4A4BA1294A541C00527952 /* Frameworks */ = {
			isa = PBXFrameworksBuildPhase;
			buildActionMask = 2147483647;
			files = (
			);
			runOnlyForDeploymentPostprocessing = 0;
		};
		FE4A4BB2294A541D00527952 /* Frameworks */ = {
			isa = PBXFrameworksBuildPhase;
			buildActionMask = 2147483647;
			files = (
			);
			runOnlyForDeploymentPostprocessing = 0;
		};
		FE4A4BBC294A541D00527952 /* Frameworks */ = {
			isa = PBXFrameworksBuildPhase;
			buildActionMask = 2147483647;
			files = (
			);
			runOnlyForDeploymentPostprocessing = 0;
		};
/* End PBXFrameworksBuildPhase section */

/* Begin PBXGroup section */
		FE4A4B9B294A541C00527952 = {
			isa = PBXGroup;
			children = (
				FE4A4BA6294A541C00527952 /* Pipeline */,
				FE4A4BB8294A541D00527952 /* PipelineTests */,
				FE4A4BC2294A541D00527952 /* PipelineUITests */,
				FE4A4BA5294A541C00527952 /* Products */,
			);
			sourceTree = "<group>";
		};
		FE4A4BA5294A541C00527952 /* Products */ = {
			isa = PBXGroup;
			children = (
				FE4A4BA4294A541C00527952 /* Pipeline.app */,
				FE4A4BB5294A541D00527952 /* PipelineTests.xctest */,
				FE4A4BBF294A541D00527952 /* PipelineUITests.xctest */,
			);
			name = Products;
			sourceTree = "<group>";
		};
		FE4A4BA6294A541C00527952 /* Pipeline */ = {
			isa = PBXGroup;
			children = (
				FE141814294A8DF000B6BF8B /* Info.plist */,
				FE4A4BA7294A541C00527952 /* PipelineApp.swift */,
				FE4A4BA9294A541C00527952 /* ContentView.swift */,
				FE4A4BAB294A541D00527952 /* Assets.xcassets */,
				FE4A4BAD294A541D00527952 /* Pipeline.entitlements */,
				FE4A4BAE294A541D00527952 /* Preview Content */,
			);
			path = Pipeline;
			sourceTree = "<group>";
		};
		FE4A4BAE294A541D00527952 /* Preview Content */ = {
			isa = PBXGroup;
			children = (
				FE4A4BAF294A541D00527952 /* Preview Assets.xcassets */,
			);
			path = "Preview Content";
			sourceTree = "<group>";
		};
		FE4A4BB8294A541D00527952 /* PipelineTests */ = {
			isa = PBXGroup;
			children = (
				FE4A4BB9294A541D00527952 /* PipelineTests.swift */,
			);
			path = PipelineTests;
			sourceTree = "<group>";
		};
		FE4A4BC2294A541D00527952 /* PipelineUITests */ = {
			isa = PBXGroup;
			children = (
				FE4A4BC3294A541D00527952 /* PipelineUITests.swift */,
				FE4A4BC5294A541D00527952 /* PipelineUITestsLaunchTests.swift */,
			);
			path = PipelineUITests;
			sourceTree = "<group>";
		};
/* End PBXGroup section */

/* Begin PBXNativeTarget section */
		FE4A4BA3294A541C00527952 /* Pipeline */ = {
			isa = PBXNativeTarget;
			buildConfigurationList = FE4A4BC9294A541D00527952 /* Build configuration list for PBXNativeTarget "Pipeline" */;
			buildPhases = (
				FE4A4BA0294A541C00527952 /* Sources */,
				FE4A4BA1294A541C00527952 /* Frameworks */,
				FE4A4BA2294A541C00527952 /* Resources */,
			);
			buildRules = (
			);
			dependencies = (
			);
			name = Pipeline;
			productName = Pipeline;
			productReference = FE4A4BA4294A541C00527952 /* Pipeline.app */;
			productType = "com.apple.product-type.application";
		};
		FE4A4BB4294A541D00527952 /* PipelineTests */ = {
			isa = PBXNativeTarget;
			buildConfigurationList = FE4A4BCC294A541D00527952 /* Build configuration list for PBXNativeTarget "PipelineTests" */;
			buildPhases = (
				FE4A4BB1294A541D00527952 /* Sources */,
				FE4A4BB2294A541D00527952 /* Frameworks */,
				FE4A4BB3294A541D00527952 /* Resources */,
			);
			buildRules = (
			);
			dependencies = (
				FE4A4BB7294A541D00527952 /* PBXTargetDependency */,
			);
			name = PipelineTests;
			productName = PipelineTests;
			productReference = FE4A4BB5294A541D00527952 /* PipelineTests.xctest */;
			productType = "com.apple.product-type.bundle.unit-test";
		};
		FE4A4BBE294A541D00527952 /* PipelineUITests */ = {
			isa = PBXNativeTarget;
			buildConfigurationList = FE4A4BCF294A541D00527952 /* Build configuration list for PBXNativeTarget "PipelineUITests" */;
			buildPhases = (
				FE4A4BBB294A541D00527952 /* Sources */,
				FE4A4BBC294A541D00527952 /* Frameworks */,
				FE4A4BBD294A541D00527952 /* Resources */,
			);
			buildRules = (
			);
			dependencies = (
				FE4A4BC1294A541D00527952 /* PBXTargetDependency */,
			);
			name = PipelineUITests;
			productName = PipelineUITests;
			productReference = FE4A4BBF294A541D00527952 /* PipelineUITests.xctest */;
			productType = "com.apple.product-type.bundle.ui-testing";
		};
/* End PBXNativeTarget section */

/* Begin PBXProject section */
		FE4A4B9C294A541C00527952 /* Project object */ = {
			isa = PBXProject;
			attributes = {
				BuildIndependentTargetsInParallel = 1;
				LastSwiftUpdateCheck = 1410;
				LastUpgradeCheck = 1410;
				TargetAttributes = {
					FE4A4BA3294A541C00527952 = {
						CreatedOnToolsVersion = 14.1;
					};
					FE4A4BB4294A541D00527952 = {
						CreatedOnToolsVersion = 14.1;
						TestTargetID = FE4A4BA3294A541C00527952;
					};
					FE4A4BBE294A541D00527952 = {
						CreatedOnToolsVersion = 14.1;
						TestTargetID = FE4A4BA3294A541C00527952;
					};
				};
			};
			buildConfigurationList = FE4A4B9F294A541C00527952 /* Build configuration list for PBXProject "Pipeline" */;
			compatibilityVersion = "Xcode 14.0";
			developmentRegion = en;
			hasScannedForEncodings = 0;
			knownRegions = (
				en,
				Base,
			);
			mainGroup = FE4A4B9B294A541C00527952;
			productRefGroup = FE4A4BA5294A541C00527952 /* Products */;
			projectDirPath = "";
			projectRoot = "";
			targets = (
				FE4A4BA3294A541C00527952 /* Pipeline */,
				FE4A4BB4294A541D00527952 /* PipelineTests */,
				FE4A4BBE294A541D00527952 /* PipelineUITests */,
			);
		};
/* End PBXProject section */

/* Begin PBXResourcesBuildPhase section */
		FE4A4BA2294A541C00527952 /* Resources */ = {
			isa = PBXResourcesBuildPhase;
			buildActionMask = 2147483647;
			files = (
				FE4A4BB0294A541D00527952 /* Preview Assets.xcassets in Resources */,
				FE4A4BAC294A541D00527952 /* Assets.xcassets in Resources */,
			);
			runOnlyForDeploymentPostprocessing = 0;
		};
		FE4A4BB3294A541D00527952 /* Resources */ = {
			isa = PBXResourcesBuildPhase;
			buildActionMask = 2147483647;
			files = (
			);
			runOnlyForDeploymentPostprocessing = 0;
		};
		FE4A4BBD294A541D00527952 /* Resources */ = {
			isa = PBXResourcesBuildPhase;
			buildActionMask = 2147483647;
			files = (
			);
			runOnlyForDeploymentPostprocessing = 0;
		};
/* End PBXResourcesBuildPhase section */

/* Begin PBXSourcesBuildPhase section */
		FE4A4BA0294A541C00527952 /* Sources */ = {
			isa = PBXSourcesBuildPhase;
			buildActionMask = 2147483647;
			files = (
				FE4A4BAA294A541C00527952 /* ContentView.swift in Sources */,
				FE4A4BA8294A541C00527952 /* PipelineApp.swift in Sources */,
			);
			runOnlyForDeploymentPostprocessing = 0;
		};
		FE4A4BB1294A541D00527952 /* Sources */ = {
			isa = PBXSourcesBuildPhase;
			buildActionMask = 2147483647;
			files = (
				FE4A4BBA294A541D00527952 /* PipelineTests.swift in Sources */,
			);
			runOnlyForDeploymentPostprocessing = 0;
		};
		FE4A4BBB294A541D00527952 /* Sources */ = {
			isa = PBXSourcesBuildPhase;
			buildActionMask = 2147483647;
			files = (
				FE4A4BC6294A541D00527952 /* PipelineUITestsLaunchTests.swift in Sources */,
				FE4A4BC4294A541D00527952 /* PipelineUITests.swift in Sources */,
			);
			runOnlyForDeploymentPostprocessing = 0;
		};
/* End PBXSourcesBuildPhase section */

/* Begin PBXTargetDependency section */
		FE4A4BB7294A541D00527952 /* PBXTargetDependency */ = {
			isa = PBXTargetDependency;
			target = FE4A4BA3294A541C00527952 /* Pipeline */;
			targetProxy = FE4A4BB6294A541D00527952 /* PBXContainerItemProxy */;
		};
		FE4A4BC1294A541D00527952 /* PBXTargetDependency */ = {
			isa = PBXTargetDependency;
			target = FE4A4BA3294A541C00527952 /* Pipeline */;
			targetProxy = FE4A4BC0294A541D00527952 /* PBXContainerItemProxy */;
		};
/* End PBXTargetDependency section */

/* Begin XCBuildConfiguration section */
		FE4A4BC7294A541D00527952 /* Debug */ = {
			isa = XCBuildConfiguration;
			buildSettings = {
				ALWAYS_SEARCH_USER_PATHS = NO;
				CLANG_ANALYZER_NONNULL = YES;
				CLANG_ANALYZER_NUMBER_OBJECT_CONVERSION = YES_AGGRESSIVE;
				CLANG_CXX_LANGUAGE_STANDARD = "gnu++20";
				CLANG_ENABLE_MODULES = YES;
				CLANG_ENABLE_OBJC_ARC = YES;
				CLANG_ENABLE_OBJC_WEAK = YES;
				CLANG_WARN_BLOCK_CAPTURE_AUTORELEASING = YES;
				CLANG_WARN_BOOL_CONVERSION = YES;
				CLANG_WARN_COMMA = YES;
				CLANG_WARN_CONSTANT_CONVERSION = YES;
				CLANG_WARN_DEPRECATED_OBJC_IMPLEMENTATIONS = YES;
				CLANG_WARN_DIRECT_OBJC_ISA_USAGE = YES_ERROR;
				CLANG_WARN_DOCUMENTATION_COMMENTS = YES;
				CLANG_WARN_EMPTY_BODY = YES;
				CLANG_WARN_ENUM_CONVERSION = YES;
				CLANG_WARN_INFINITE_RECURSION = YES;
				CLANG_WARN_INT_CONVERSION = YES;
				CLANG_WARN_NON_LITERAL_NULL_CONVERSION = YES;
				CLANG_WARN_OBJC_IMPLICIT_RETAIN_SELF = YES;
				CLANG_WARN_OBJC_LITERAL_CONVERSION = YES;
				CLANG_WARN_OBJC_ROOT_CLASS = YES_ERROR;
				CLANG_WARN_QUOTED_INCLUDE_IN_FRAMEWORK_HEADER = YES;
				CLANG_WARN_RANGE_LOOP_ANALYSIS = YES;
				CLANG_WARN_STRICT_PROTOTYPES = YES;
				CLANG_WARN_SUSPICIOUS_MOVE = YES;
				CLANG_WARN_UNGUARDED_AVAILABILITY = YES_AGGRESSIVE;
				CLANG_WARN_UNREACHABLE_CODE = YES;
				CLANG_WARN__DUPLICATE_METHOD_MATCH = YES;
				COPY_PHASE_STRIP = NO;
				DEBUG_INFORMATION_FORMAT = dwarf;
				ENABLE_STRICT_OBJC_MSGSEND = YES;
				ENABLE_TESTABILITY = YES;
				GCC_C_LANGUAGE_STANDARD = gnu11;
				GCC_DYNAMIC_NO_PIC = NO;
				GCC_NO_COMMON_BLOCKS = YES;
				GCC_OPTIMIZATION_LEVEL = 0;
				GCC_PREPROCESSOR_DEFINITIONS = (
					"DEBUG=1",
					"$(inherited)",
				);
				GCC_WARN_64_TO_32_BIT_CONVERSION = YES;
				GCC_WARN_ABOUT_RETURN_TYPE = YES_ERROR;
				GCC_WARN_UNDECLARED_SELECTOR = YES;
				GCC_WARN_UNINITIALIZED_AUTOS = YES_AGGRESSIVE;
				GCC_WARN_UNUSED_FUNCTION = YES;
				GCC_WARN_UNUSED_VARIABLE = YES;
				MTL_ENABLE_DEBUG_INFO = INCLUDE_SOURCE;
				MTL_FAST_MATH = YES;
				ONLY_ACTIVE_ARCH = YES;
				SUPPORTED_PLATFORMS = "iphonesimulator iphoneos";
				SWIFT_ACTIVE_COMPILATION_CONDITIONS = DEBUG;
				SWIFT_OPTIMIZATION_LEVEL = "-Onone";
			};
			name = Debug;
		};
		FE4A4BC8294A541D00527952 /* Release */ = {
			isa = XCBuildConfiguration;
			buildSettings = {
				ALWAYS_SEARCH_USER_PATHS = NO;
				CLANG_ANALYZER_NONNULL = YES;
				CLANG_ANALYZER_NUMBER_OBJECT_CONVERSION = YES_AGGRESSIVE;
				CLANG_CXX_LANGUAGE_STANDARD = "gnu++20";
				CLANG_ENABLE_MODULES = YES;
				CLANG_ENABLE_OBJC_ARC = YES;
				CLANG_ENABLE_OBJC_WEAK = YES;
				CLANG_WARN_BLOCK_CAPTURE_AUTORELEASING = YES;
				CLANG_WARN_BOOL_CONVERSION = YES;
				CLANG_WARN_COMMA = YES;
				CLANG_WARN_CONSTANT_CONVERSION = YES;
				CLANG_WARN_DEPRECATED_OBJC_IMPLEMENTATIONS = YES;
				CLANG_WARN_DIRECT_OBJC_ISA_USAGE = YES_ERROR;
				CLANG_WARN_DOCUMENTATION_COMMENTS = YES;
				CLANG_WARN_EMPTY_BODY = YES;
				CLANG_WARN_ENUM_CONVERSION = YES;
				CLANG_WARN_INFINITE_RECURSION = YES;
				CLANG_WARN_INT_CONVERSION = YES;
				CLANG_WARN_NON_LITERAL_NULL_CONVERSION = YES;
				CLANG_WARN_OBJC_IMPLICIT_RETAIN_SELF = YES;
				CLANG_WARN_OBJC_LITERAL_CONVERSION = YES;
				CLANG_WARN_OBJC_ROOT_CLASS = YES_ERROR;
				CLANG_WARN_QUOTED_INCLUDE_IN_FRAMEWORK_HEADER = YES;
				CLANG_WARN_RANGE_LOOP_ANALYSIS = YES;
				CLANG_WARN_STRICT_PROTOTYPES = YES;
				CLANG_WARN_SUSPICIOUS_MOVE = YES;
				CLANG_WARN_UNGUARDED_AVAILABILITY = YES_AGGRESSIVE;
				CLANG_WARN_UNREACHABLE_CODE = YES;
				CLANG_WARN__DUPLICATE_METHOD_MATCH = YES;
				COPY_PHASE_STRIP = NO;
				DEBUG_INFORMATION_FORMAT = "dwarf-with-dsym";
				ENABLE_NS_ASSERTIONS = NO;
				ENABLE_STRICT_OBJC_MSGSEND = YES;
				GCC_C_LANGUAGE_STANDARD = gnu11;
				GCC_NO_COMMON_BLOCKS = YES;
				GCC_WARN_64_TO_32_BIT_CONVERSION = YES;
				GCC_WARN_ABOUT_RETURN_TYPE = YES_ERROR;
				GCC_WARN_UNDECLARED_SELECTOR = YES;
				GCC_WARN_UNINITIALIZED_AUTOS = YES_AGGRESSIVE;
				GCC_WARN_UNUSED_FUNCTION = YES;
				GCC_WARN_UNUSED_VARIABLE = YES;
				MTL_ENABLE_DEBUG_INFO = NO;
				MTL_FAST_MATH = YES;
				SUPPORTED_PLATFORMS = "iphonesimulator iphoneos";
				SWIFT_COMPILATION_MODE = wholemodule;
				SWIFT_OPTIMIZATION_LEVEL = "-O";
			};
			name = Release;
		};
		FE4A4BCA294A541D00527952 /* Debug */ = {
			isa = XCBuildConfiguration;
			buildSettings = {
				ASSETCATALOG_COMPILER_APPICON_NAME = AppIcon;
				ASSETCATALOG_COMPILER_GLOBAL_ACCENT_COLOR_NAME = AccentColor;
				CODE_SIGN_ENTITLEMENTS = Pipeline/Pipeline.entitlements;
				CODE_SIGN_STYLE = Automatic;
				CURRENT_PROJECT_VERSION = 2;
				DEVELOPMENT_ASSET_PATHS = "\"Pipeline/Preview Content\"";
				DEVELOPMENT_TEAM = AGMG6D54R3;
				ENABLE_HARDENED_RUNTIME = YES;
				ENABLE_PREVIEWS = YES;
				GENERATE_INFOPLIST_FILE = YES;
				INFOPLIST_FILE = Pipeline/Info.plist;
				INFOPLIST_KEY_CFBundleDisplayName = Pipeline;
				INFOPLIST_KEY_LSApplicationCategoryType = "public.app-category.developer-tools";
				"INFOPLIST_KEY_UIApplicationSceneManifest_Generation[sdk=iphoneos*]" = YES;
				"INFOPLIST_KEY_UIApplicationSceneManifest_Generation[sdk=iphonesimulator*]" = YES;
				"INFOPLIST_KEY_UIApplicationSupportsIndirectInputEvents[sdk=iphoneos*]" = YES;
				"INFOPLIST_KEY_UIApplicationSupportsIndirectInputEvents[sdk=iphonesimulator*]" = YES;
				"INFOPLIST_KEY_UILaunchScreen_Generation[sdk=iphoneos*]" = YES;
				"INFOPLIST_KEY_UILaunchScreen_Generation[sdk=iphonesimulator*]" = YES;
				"INFOPLIST_KEY_UIStatusBarStyle[sdk=iphoneos*]" = UIStatusBarStyleDefault;
				"INFOPLIST_KEY_UIStatusBarStyle[sdk=iphonesimulator*]" = UIStatusBarStyleDefault;
				INFOPLIST_KEY_UISupportedInterfaceOrientations_iPad = "UIInterfaceOrientationPortrait UIInterfaceOrientationPortraitUpsideDown UIInterfaceOrientationLandscapeLeft UIInterfaceOrientationLandscapeRight";
				INFOPLIST_KEY_UISupportedInterfaceOrientations_iPhone = "UIInterfaceOrientationPortrait UIInterfaceOrientationLandscapeLeft UIInterfaceOrientationLandscapeRight";
				IPHONEOS_DEPLOYMENT_TARGET = 16.0;
				LD_RUNPATH_SEARCH_PATHS = "@executable_path/Frameworks";
				"LD_RUNPATH_SEARCH_PATHS[sdk=macosx*]" = "@executable_path/../Frameworks";
				MACOSX_DEPLOYMENT_TARGET = 12.4;
				MARKETING_VERSION = 2;
				PRODUCT_BUNDLE_IDENTIFIER = com.tunes.Pipeline;
				PRODUCT_NAME = "$(TARGET_NAME)";
				SDKROOT = auto;
				SUPPORTED_PLATFORMS = "iphonesimulator iphoneos";
				SWIFT_EMIT_LOC_STRINGS = YES;
				SWIFT_VERSION = 5.0;
				TARGETED_DEVICE_FAMILY = "1,2";
			};
			name = Debug;
		};
		FE4A4BCB294A541D00527952 /* Release */ = {
			isa = XCBuildConfiguration;
			buildSettings = {
				ASSETCATALOG_COMPILER_APPICON_NAME = AppIcon;
				ASSETCATALOG_COMPILER_GLOBAL_ACCENT_COLOR_NAME = AccentColor;
				CODE_SIGN_ENTITLEMENTS = Pipeline/Pipeline.entitlements;
				CODE_SIGN_STYLE = Automatic;
				CURRENT_PROJECT_VERSION = 2;
				DEVELOPMENT_ASSET_PATHS = "\"Pipeline/Preview Content\"";
				DEVELOPMENT_TEAM = AGMG6D54R3;
				ENABLE_HARDENED_RUNTIME = YES;
				ENABLE_PREVIEWS = YES;
				GENERATE_INFOPLIST_FILE = YES;
				INFOPLIST_FILE = Pipeline/Info.plist;
				INFOPLIST_KEY_CFBundleDisplayName = Pipeline;
				INFOPLIST_KEY_LSApplicationCategoryType = "public.app-category.developer-tools";
				"INFOPLIST_KEY_UIApplicationSceneManifest_Generation[sdk=iphoneos*]" = YES;
				"INFOPLIST_KEY_UIApplicationSceneManifest_Generation[sdk=iphonesimulator*]" = YES;
				"INFOPLIST_KEY_UIApplicationSupportsIndirectInputEvents[sdk=iphoneos*]" = YES;
				"INFOPLIST_KEY_UIApplicationSupportsIndirectInputEvents[sdk=iphonesimulator*]" = YES;
				"INFOPLIST_KEY_UILaunchScreen_Generation[sdk=iphoneos*]" = YES;
				"INFOPLIST_KEY_UILaunchScreen_Generation[sdk=iphonesimulator*]" = YES;
				"INFOPLIST_KEY_UIStatusBarStyle[sdk=iphoneos*]" = UIStatusBarStyleDefault;
				"INFOPLIST_KEY_UIStatusBarStyle[sdk=iphonesimulator*]" = UIStatusBarStyleDefault;
				INFOPLIST_KEY_UISupportedInterfaceOrientations_iPad = "UIInterfaceOrientationPortrait UIInterfaceOrientationPortraitUpsideDown UIInterfaceOrientationLandscapeLeft UIInterfaceOrientationLandscapeRight";
				INFOPLIST_KEY_UISupportedInterfaceOrientations_iPhone = "UIInterfaceOrientationPortrait UIInterfaceOrientationLandscapeLeft UIInterfaceOrientationLandscapeRight";
				IPHONEOS_DEPLOYMENT_TARGET = 16.0;
				LD_RUNPATH_SEARCH_PATHS = "@executable_path/Frameworks";
				"LD_RUNPATH_SEARCH_PATHS[sdk=macosx*]" = "@executable_path/../Frameworks";
				MACOSX_DEPLOYMENT_TARGET = 12.4;
				MARKETING_VERSION = 2;
				PRODUCT_BUNDLE_IDENTIFIER = com.tunes.Pipeline;
				PRODUCT_NAME = "$(TARGET_NAME)";
				SDKROOT = auto;
				SUPPORTED_PLATFORMS = "iphonesimulator iphoneos";
				SWIFT_EMIT_LOC_STRINGS = YES;
				SWIFT_VERSION = 5.0;
				TARGETED_DEVICE_FAMILY = "1,2";
			};
			name = Release;
		};
		FE4A4BCD294A541D00527952 /* Debug */ = {
			isa = XCBuildConfiguration;
			buildSettings = {
				ALWAYS_EMBED_SWIFT_STANDARD_LIBRARIES = YES;
				BUNDLE_LOADER = "$(TEST_HOST)";
				CODE_SIGN_STYLE = Automatic;
				CURRENT_PROJECT_VERSION = 1;
				DEVELOPMENT_TEAM = AGMG6D54R3;
				GENERATE_INFOPLIST_FILE = YES;
				IPHONEOS_DEPLOYMENT_TARGET = 16.1;
				MACOSX_DEPLOYMENT_TARGET = 13.0;
				MARKETING_VERSION = 1.0;
				PRODUCT_BUNDLE_IDENTIFIER = com.tunes.PipelineTests;
				PRODUCT_NAME = "$(TARGET_NAME)";
				SDKROOT = auto;
				SUPPORTED_PLATFORMS = "iphonesimulator iphoneos";
				SWIFT_EMIT_LOC_STRINGS = NO;
				SWIFT_VERSION = 5.0;
				TARGETED_DEVICE_FAMILY = "1,2";
				TEST_HOST = "$(BUILT_PRODUCTS_DIR)/Pipeline.app/$(BUNDLE_EXECUTABLE_FOLDER_PATH)/Pipeline";
			};
			name = Debug;
		};
		FE4A4BCE294A541D00527952 /* Release */ = {
			isa = XCBuildConfiguration;
			buildSettings = {
				ALWAYS_EMBED_SWIFT_STANDARD_LIBRARIES = YES;
				BUNDLE_LOADER = "$(TEST_HOST)";
				CODE_SIGN_STYLE = Automatic;
				CURRENT_PROJECT_VERSION = 1;
				DEVELOPMENT_TEAM = AGMG6D54R3;
				GENERATE_INFOPLIST_FILE = YES;
				IPHONEOS_DEPLOYMENT_TARGET = 16.1;
				MACOSX_DEPLOYMENT_TARGET = 13.0;
				MARKETING_VERSION = 1.0;
				PRODUCT_BUNDLE_IDENTIFIER = com.tunes.PipelineTests;
				PRODUCT_NAME = "$(TARGET_NAME)";
				SDKROOT = auto;
				SUPPORTED_PLATFORMS = "iphonesimulator iphoneos";
				SWIFT_EMIT_LOC_STRINGS = NO;
				SWIFT_VERSION = 5.0;
				TARGETED_DEVICE_FAMILY = "1,2";
				TEST_HOST = "$(BUILT_PRODUCTS_DIR)/Pipeline.app/$(BUNDLE_EXECUTABLE_FOLDER_PATH)/Pipeline";
			};
			name = Release;
		};
		FE4A4BD0294A541D00527952 /* Debug */ = {
			isa = XCBuildConfiguration;
			buildSettings = {
				ALWAYS_EMBED_SWIFT_STANDARD_LIBRARIES = YES;
				CODE_SIGN_STYLE = Automatic;
				CURRENT_PROJECT_VERSION = 1;
				DEVELOPMENT_TEAM = AGMG6D54R3;
				GENERATE_INFOPLIST_FILE = YES;
				IPHONEOS_DEPLOYMENT_TARGET = 16.1;
				MACOSX_DEPLOYMENT_TARGET = 13.0;
				MARKETING_VERSION = 1.0;
				PRODUCT_BUNDLE_IDENTIFIER = com.tunes.PipelineUITests;
				PRODUCT_NAME = "$(TARGET_NAME)";
				SDKROOT = auto;
				SUPPORTED_PLATFORMS = "iphonesimulator iphoneos";
				SWIFT_EMIT_LOC_STRINGS = NO;
				SWIFT_VERSION = 5.0;
				TARGETED_DEVICE_FAMILY = "1,2";
				TEST_TARGET_NAME = Pipeline;
			};
			name = Debug;
		};
		FE4A4BD1294A541D00527952 /* Release */ = {
			isa = XCBuildConfiguration;
			buildSettings = {
				ALWAYS_EMBED_SWIFT_STANDARD_LIBRARIES = YES;
				CODE_SIGN_STYLE = Automatic;
				CURRENT_PROJECT_VERSION = 1;
				DEVELOPMENT_TEAM = AGMG6D54R3;
				GENERATE_INFOPLIST_FILE = YES;
				IPHONEOS_DEPLOYMENT_TARGET = 16.1;
				MACOSX_DEPLOYMENT_TARGET = 13.0;
				MARKETING_VERSION = 1.0;
				PRODUCT_BUNDLE_IDENTIFIER = com.tunes.PipelineUITests;
				PRODUCT_NAME = "$(TARGET_NAME)";
				SDKROOT = auto;
				SUPPORTED_PLATFORMS = "iphonesimulator iphoneos";
				SWIFT_EMIT_LOC_STRINGS = NO;
				SWIFT_VERSION = 5.0;
				TARGETED_DEVICE_FAMILY = "1,2";
				TEST_TARGET_NAME = Pipeline;
			};
			name = Release;
		};
/* End XCBuildConfiguration section */

/* Begin XCConfigurationList section */
		FE4A4B9F294A541C00527952 /* Build configuration list for PBXProject "Pipeline" */ = {
			isa = XCConfigurationList;
			buildConfigurations = (
				FE4A4BC7294A541D00527952 /* Debug */,
				FE4A4BC8294A541D00527952 /* Release */,
			);
			defaultConfigurationIsVisible = 0;
			defaultConfigurationName = Release;
		};
		FE4A4BC9294A541D00527952 /* Build configuration list for PBXNativeTarget "Pipeline" */ = {
			isa = XCConfigurationList;
			buildConfigurations = (
				FE4A4BCA294A541D00527952 /* Debug */,
				FE4A4BCB294A541D00527952 /* Release */,
			);
			defaultConfigurationIsVisible = 0;
			defaultConfigurationName = Release;
		};
		FE4A4BCC294A541D00527952 /* Build configuration list for PBXNativeTarget "PipelineTests" */ = {
			isa = XCConfigurationList;
			buildConfigurations = (
				FE4A4BCD294A541D00527952 /* Debug */,
				FE4A4BCE294A541D00527952 /* Release */,
			);
			defaultConfigurationIsVisible = 0;
			defaultConfigurationName = Release;
		};
		FE4A4BCF294A541D00527952 /* Build configuration list for PBXNativeTarget "PipelineUITests" */ = {
			isa = XCConfigurationList;
			buildConfigurations = (
				FE4A4BD0294A541D00527952 /* Debug */,
				FE4A4BD1294A541D00527952 /* Release */,
			);
			defaultConfigurationIsVisible = 0;
			defaultConfigurationName = Release;
		};
/* End XCConfigurationList section */
	};
	rootObject = FE4A4B9C294A541C00527952 /* Project object */;
}
